{
  "name": "aes-crypto-ts",
  "version": "1.0.0",
  "lockfileVersion": 2,
  "requires": true,
  "packages": {
    "": {
      "name": "aes-crypto-ts",
      "version": "1.0.0",
      "license": "ISC",
      "dependencies": {
        "aes-js": "^3.1.2",
        "aes-ts": "^0.0.0-alpha.0"
      },
      "devDependencies": {
        "typescript": "^4.5.4"
      }
    },
    "node_modules/aes-js": {
      "version": "3.1.2",
      "resolved": "https://registry.npmjs.org/aes-js/-/aes-js-3.1.2.tgz",
      "integrity": "sha512-e5pEa2kBnBOgR4Y/p20pskXI74UEz7de8ZGVo58asOtvSVG5YAbJeELPZxOmt+Bnz3rX753YKhfIn4X4l1PPRQ=="
    },
    "node_modules/aes-ts": {
      "version": "0.0.0-alpha.0",
      "resolved": "https://registry.npmjs.org/aes-ts/-/aes-ts-0.0.0-alpha.0.tgz",
      "integrity": "sha512-0jNHgzxCXZETQsYMfzxmJ3plJfkX4kVzVJPNNqYNAONCRSxhucEJNe/XMOC+ozLJdZykWaRMrcv2hczmjytpUQ=="
    },
    "node_modules/typescript": {
      "version": "4.5.4",
      "resolved": "https://registry.npmjs.org/typescript/-/typescript-4.5.4.tgz",
      "integrity": "sha512-VgYs2A2QIRuGphtzFV7aQJduJ2gyfTljngLzjpfW9FoYZF6xuw1W0vW9ghCKLfcWrCFxK81CSGRAvS1pn4fIUg==",
      "dev": true,
      "bin": {
        "tsc": "bin/tsc",
        "tsserver": "bin/tsserver"
      },
      "engines": {
        "node": ">=4.2.0"
      }
    }
  },
  "dependencies": {
    "aes-js": {
      "version": "3.1.2",
      "resolved": "https://registry.npmjs.org/aes-js/-/aes-js-3.1.2.tgz",
      "integrity": "sha512-e5pEa2kBnBOgR4Y/p20pskXI74UEz7de8ZGVo58asOtvSVG5YAbJeELPZxOmt+Bnz3rX753YKhfIn4X4l1PPRQ=="
    },
    "aes-ts": {
      "version": "0.0.0-alpha.0",
      "resolved": "https://registry.npmjs.org/aes-ts/-/aes-ts-0.0.0-alpha.0.tgz",
      "integrity": "sha512-0jNHgzxCXZETQsYMfzxmJ3plJfkX4kVzVJPNNqYNAONCRSxhucEJNe/XMOC+ozLJdZykWaRMrcv2hczmjytpUQ=="
    },
    "typescript": {
      "version": "4.5.4",
      "resolved": "https://registry.npmjs.org/typescript/-/typescript-4.5.4.tgz",
      "integrity": "sha512-VgYs2A2QIRuGphtzFV7aQJduJ2gyfTljngLzjpfW9FoYZF6xuw1W0vW9ghCKLfcWrCFxK81CSGRAvS1pn4fIUg==",
      "dev": true
    }
  }
}
